
Microsoft Visual Studio Solution File, Format Version 12.00
# Visual Studio Version 17
VisualStudioVersion = 17.0.31903.59
MinimumVisualStudioVersion = 10.0.40219.1
Project("{2150E333-8FDC-42A3-9474-1A3956D46DE8}") = "src", "src", "{BC0C9F8A-1C1C-43BB-8D71-307A81705B3B}"
EndProject
Project("{FAE04EC0-301F-11D3-BF4B-00C04F79EFBC}") = "Img2PDF.Core", "src\Img2PDF.Core\Img2PDF.Core.csproj", "{AD516B88-C3A1-41C7-9837-BCEA50E03168}"
EndProject
Project("{FAE04EC0-301F-11D3-BF4B-00C04F79EFBC}") = "Img2PDF.Cli", "src\Img2PDF.Cli\Img2PDF.Cli.csproj", "{4D4F7483-526F-494D-8C8E-CBDD4B91241B}"
EndProject
Project("{2150E333-8FDC-42A3-9474-1A3956D46DE8}") = "tests", "tests", "{DA809AB6-C3D6-4AF3-8EDF-758403332007}"
EndProject
Project("{FAE04EC0-301F-11D3-BF4B-00C04F79EFBC}") = "Img2PDF.Core.Tests", "tests\Img2PDF.Core.Tests\Img2PDF.Core.Tests.csproj", "{5A023592-E561-4AB9-A572-469B7D821469}"
EndProject
Global
	GlobalSection(SolutionConfigurationPlatforms) = preSolution
		Debug|Any CPU = Debug|Any CPU
		Release|Any CPU = Release|Any CPU
	EndGlobalSection
	GlobalSection(SolutionProperties) = preSolution
		HideSolutionNode = FALSE
	EndGlobalSection
	GlobalSection(ProjectConfigurationPlatforms) = postSolution
		{AD516B88-C3A1-41C7-9837-BCEA50E03168}.Debug|Any CPU.ActiveCfg = Debug|Any CPU
		{AD516B88-C3A1-41C7-9837-BCEA50E03168}.Debug|Any CPU.Build.0 = Debug|Any CPU
		{AD516B88-C3A1-41C7-9837-BCEA50E03168}.Release|Any CPU.ActiveCfg = Release|Any CPU
		{AD516B88-C3A1-41C7-9837-BCEA50E03168}.Release|Any CPU.Build.0 = Release|Any CPU
		{4D4F7483-526F-494D-8C8E-CBDD4B91241B}.Debug|Any CPU.ActiveCfg = Debug|Any CPU
		{4D4F7483-526F-494D-8C8E-CBDD4B91241B}.Debug|Any CPU.Build.0 = Debug|Any CPU
		{4D4F7483-526F-494D-8C8E-CBDD4B91241B}.Release|Any CPU.ActiveCfg = Release|Any CPU
		{4D4F7483-526F-494D-8C8E-CBDD4B91241B}.Release|Any CPU.Build.0 = Release|Any CPU
		{5A023592-E561-4AB9-A572-469B7D821469}.Debug|Any CPU.ActiveCfg = Debug|Any CPU
		{5A023592-E561-4AB9-A572-469B7D821469}.Debug|Any CPU.Build.0 = Debug|Any CPU
		{5A023592-E561-4AB9-A572-469B7D821469}.Release|Any CPU.ActiveCfg = Release|Any CPU
		{5A023592-E561-4AB9-A572-469B7D821469}.Release|Any CPU.Build.0 = Release|Any CPU
	EndGlobalSection
	GlobalSection(NestedProjects) = preSolution
		{AD516B88-C3A1-41C7-9837-BCEA50E03168} = {BC0C9F8A-1C1C-43BB-8D71-307A81705B3B}
		{4D4F7483-526F-494D-8C8E-CBDD4B91241B} = {BC0C9F8A-1C1C-43BB-8D71-307A81705B3B}
		{5A023592-E561-4AB9-A572-469B7D821469} = {DA809AB6-C3D6-4AF3-8EDF-758403332007}
	EndGlobalSection
EndGlobal
