
Microsoft Visual Studio Solution File, Format Version 12.00
# Visual Studio Version 17
VisualStudioVersion = 17.0.31903.59
MinimumVisualStudioVersion = 10.0.40219.1
Project("{2150E333-8FDC-42A3-9474-1A3956D46DE8}") = "src", "src", "{BC0C9F8A-1C1C-43BB-8D71-307A81705B3B}"
EndProject
Project("{FAE04EC0-301F-11D3-BF4B-00C04F79EFBC}") = "Img2PDF.Core", "src\Img2PDF.Core\Img2PDF.Core.csproj", "{AD516B88-C3A1-41C7-9837-BCEA50E03168}"
EndProject
Project("{FAE04EC0-301F-11D3-BF4B-00C04F79EFBC}") = "Img2PDF.Cli", "src\Img2PDF.Cli\Img2PDF.Cli.csproj", "{4D4F7483-526F-494D-8C8E-CBDD4B91241B}"
EndProject
Project("{2150E333-8FDC-42A3-9474-1A3956D46DE8}") = "tests", "tests", "{DA809AB6-C3D6-4AF3-8EDF-758403332007}"
EndProject
Project("{FAE04EC0-301F-11D3-BF4B-00C04F79EFBC}") = "Img2PDF.Core.Tests", "tests\Img2PDF.Core.Tests\Img2PDF.Core.Tests.csproj", "{5A023592-E561-4AB9-A572-469B7D821469}"
EndProject
Project("{FAE04EC0-301F-11D3-BF4B-00C04F79EFBC}") = "Img2PDF.App", "src\Img2PDF.App\Img2PDF.App.csproj", "{55AF11FA-4AB0-4A9B-880C-55110E383C22}"
EndProject
Project("{FAE04EC0-301F-11D3-BF4B-00C04F79EFBC}") = "Img2PDF.App.Tests", "tests\Img2PDF.App.Tests\Img2PDF.App.Tests.csproj", "{A0346B7C-E2A5-4517-954A-FB3626CFA61B}"
EndProject
Project("{8BC9CEB8-8B4A-11D0-8D11-00A0C91BC942}") = "Img2PDF.ShellExtension", "src\Img2PDF.ShellExtension\Img2PDF.ShellExtension.vcxproj", "{9F1B7E3A-9C2E-4C7E-8B7B-2E2F6B6C9A11}"
EndProject
Project("{C7167F0D-BC9F-4E6E-AFE1-012C56B48DB5}") = "Img2PDF.Package", "src\Img2PDF.Package\Img2PDF.Package.wapproj", "{FA7B2E98-1D8F-4FA5-9774-F5EE2B34E8F4}"
EndProject
Global
	GlobalSection(SolutionConfigurationPlatforms) = preSolution
		Debug|Any CPU = Debug|Any CPU
		Release|Any CPU = Release|Any CPU
	EndGlobalSection
	GlobalSection(SolutionProperties) = preSolution
		HideSolutionNode = FALSE
	EndGlobalSection
	GlobalSection(ProjectConfigurationPlatforms) = postSolution
		{AD516B88-C3A1-41C7-9837-BCEA50E03168}.Debug|Any CPU.ActiveCfg = Debug|Any CPU
		{AD516B88-C3A1-41C7-9837-BCEA50E03168}.Debug|Any CPU.Build.0 = Debug|Any CPU
		{AD516B88-C3A1-41C7-9837-BCEA50E03168}.Release|Any CPU.ActiveCfg = Release|Any CPU
		{AD516B88-C3A1-41C7-9837-BCEA50E03168}.Release|Any CPU.Build.0 = Release|Any CPU
		{4D4F7483-526F-494D-8C8E-CBDD4B91241B}.Debug|Any CPU.ActiveCfg = Debug|Any CPU
		{4D4F7483-526F-494D-8C8E-CBDD4B91241B}.Debug|Any CPU.Build.0 = Debug|Any CPU
		{4D4F7483-526F-494D-8C8E-CBDD4B91241B}.Release|Any CPU.ActiveCfg = Release|Any CPU
		{4D4F7483-526F-494D-8C8E-CBDD4B91241B}.Release|Any CPU.Build.0 = Release|Any CPU
		{5A023592-E561-4AB9-A572-469B7D821469}.Debug|Any CPU.ActiveCfg = Debug|Any CPU
		{5A023592-E561-4AB9-A572-469B7D821469}.Debug|Any CPU.Build.0 = Debug|Any CPU
		{5A023592-E561-4AB9-A572-469B7D821469}.Release|Any CPU.ActiveCfg = Release|Any CPU
		{5A023592-E561-4AB9-A572-469B7D821469}.Release|Any CPU.Build.0 = Release|Any CPU
		{55AF11FA-4AB0-4A9B-880C-55110E383C22}.Debug|Any CPU.ActiveCfg = Debug|Any CPU
		{55AF11FA-4AB0-4A9B-880C-55110E383C22}.Debug|Any CPU.Build.0 = Debug|Any CPU
		{55AF11FA-4AB0-4A9B-880C-55110E383C22}.Release|Any CPU.ActiveCfg = Release|Any CPU
		{55AF11FA-4AB0-4A9B-880C-55110E383C22}.Release|Any CPU.Build.0 = Release|Any CPU
		{A0346B7C-E2A5-4517-954A-FB3626CFA61B}.Debug|Any CPU.ActiveCfg = Debug|Any CPU
		{A0346B7C-E2A5-4517-954A-FB3626CFA61B}.Debug|Any CPU.Build.0 = Debug|Any CPU
		{A0346B7C-E2A5-4517-954A-FB3626CFA61B}.Release|Any CPU.ActiveCfg = Release|Any CPU
		{A0346B7C-E2A5-4517-954A-FB3626CFA61B}.Release|Any CPU.Build.0 = Release|Any CPU
		{9F1B7E3A-9C2E-4C7E-8B7B-2E2F6B6C9A11}.Debug|Any CPU.ActiveCfg = Debug|x64
		{9F1B7E3A-9C2E-4C7E-8B7B-2E2F6B6C9A11}.Debug|Any CPU.Build.0 = Debug|x64
		{9F1B7E3A-9C2E-4C7E-8B7B-2E2F6B6C9A11}.Release|Any CPU.ActiveCfg = Release|x64
		{9F1B7E3A-9C2E-4C7E-8B7B-2E2F6B6C9A11}.Release|Any CPU.Build.0 = Release|x64
		{FA7B2E98-1D8F-4FA5-9774-F5EE2B34E8F4}.Debug|Any CPU.ActiveCfg = Debug|x64
		{FA7B2E98-1D8F-4FA5-9774-F5EE2B34E8F4}.Debug|Any CPU.Build.0 = Debug|x64
		{FA7B2E98-1D8F-4FA5-9774-F5EE2B34E8F4}.Release|Any CPU.ActiveCfg = Release|x64
		{FA7B2E98-1D8F-4FA5-9774-F5EE2B34E8F4}.Release|Any CPU.Build.0 = Release|x64
	EndGlobalSection
	GlobalSection(NestedProjects) = preSolution
		{AD516B88-C3A1-41C7-9837-BCEA50E03168} = {BC0C9F8A-1C1C-43BB-8D71-307A81705B3B}
		{4D4F7483-526F-494D-8C8E-CBDD4B91241B} = {BC0C9F8A-1C1C-43BB-8D71-307A81705B3B}
		{5A023592-E561-4AB9-A572-469B7D821469} = {DA809AB6-C3D6-4AF3-8EDF-758403332007}
		{55AF11FA-4AB0-4A9B-880C-55110E383C22} = {BC0C9F8A-1C1C-43BB-8D71-307A81705B3B}
		{A0346B7C-E2A5-4517-954A-FB3626CFA61B} = {DA809AB6-C3D6-4AF3-8EDF-758403332007}
		{9F1B7E3A-9C2E-4C7E-8B7B-2E2F6B6C9A11} = {BC0C9F8A-1C1C-43BB-8D71-307A81705B3B}
		{FA7B2E98-1D8F-4FA5-9774-F5EE2B34E8F4} = {BC0C9F8A-1C1C-43BB-8D71-307A81705B3B}
	EndGlobalSection
EndGlobal
